
Microsoft Visual Studio Solution File, Format Version 12.00
# Visual Studio Version 16
VisualStudioVersion = 16.0.32228.343
MinimumVisualStudioVersion = 10.0.40219.1
Project("{9A19103F-16F7-4668-BE54-9A1E7A4F7556}") = "KampIntro", "KampIntro\KampIntro.csproj", "{7D5D92CB-58C9-489C-93D1-46497AC50BA8}"
EndProject
Project("{9A19103F-16F7-4668-BE54-9A1E7A4F7556}") = "Donguler", "Donguler\Donguler.csproj", "{A42B3C20-9FF7-4CB7-9E0C-54AC1B1B56B0}"
EndProject
Project("{9A19103F-16F7-4668-BE54-9A1E7A4F7556}") = "ClassIntro", "ClassIntro\ClassIntro.csproj", "{63219541-D004-4B94-9EA9-A6E7F3E3A761}"
EndProject
Project("{9A19103F-16F7-4668-BE54-9A1E7A4F7556}") = "Metotlar", "Metotlar\Metotlar.csproj", "{9676565D-BA97-495F-B3D7-05220E4688BA}"
EndProject
Project("{9A19103F-16F7-4668-BE54-9A1E7A4F7556}") = "Matematik", "Matematik\Matematik.csproj", "{FB1ABF60-D852-4E92-BED8-E5F4922F43A2}"
EndProject
Project("{9A19103F-16F7-4668-BE54-9A1E7A4F7556}") = "DegerVeReferansTipler", "DegerVeReferansTipler\DegerVeReferansTipler.csproj", "{67E01CCE-73F4-4884-BEC5-69BADFB1021D}"
EndProject
Project("{9A19103F-16F7-4668-BE54-9A1E7A4F7556}") = "ClassMetotDemo", "ClassMetotDemo\ClassMetotDemo.csproj", "{4BC3354F-8D5F-48EB-8C82-E1ED92DCD8E8}"
EndProject
Project("{9A19103F-16F7-4668-BE54-9A1E7A4F7556}") = "OOP1", "OOP1\OOP1.csproj", "{29F4CF9A-CCCF-4691-8E07-AF98B2224793}"
EndProject
Project("{9A19103F-16F7-4668-BE54-9A1E7A4F7556}") = "Collections", "Collections\Collections.csproj", "{52D83EF6-CCC8-41B7-9758-D0DBEF50A11B}"
EndProject
Project("{9A19103F-16F7-4668-BE54-9A1E7A4F7556}") = "GenericsIntro", "GenericsIntro\GenericsIntro.csproj", "{7670120A-5E3B-4722-A175-DEE31A6764D9}"
EndProject
Project("{FAE04EC0-301F-11D3-BF4B-00C04F79EFBC}") = "ReferenceTypes", "ReferenceTypes\ReferenceTypes.csproj", "{304B29E8-828C-458F-B4D6-F92AD6CE84E0}"
EndProject
Project("{FAE04EC0-301F-11D3-BF4B-00C04F79EFBC}") = "Constructors", "Constructors\Constructors.csproj", "{40EBBBC0-5D5B-4BED-B3F4-F52399987C39}"
EndProject
Project("{FAE04EC0-301F-11D3-BF4B-00C04F79EFBC}") = "Generics", "Generics\Generics.csproj", "{AF397D00-97C0-49C7-9333-4F397E3735BB}"
EndProject
Project("{FAE04EC0-301F-11D3-BF4B-00C04F79EFBC}") = "MyDictionary", "MyDictionary\MyDictionary.csproj", "{9F01B2BC-860D-4FD1-A646-7443C892EA0D}"
EndProject
Global
	GlobalSection(SolutionConfigurationPlatforms) = preSolution
		Debug|Any CPU = Debug|Any CPU
		Release|Any CPU = Release|Any CPU
	EndGlobalSection
	GlobalSection(ProjectConfigurationPlatforms) = postSolution
		{7D5D92CB-58C9-489C-93D1-46497AC50BA8}.Debug|Any CPU.ActiveCfg = Debug|Any CPU
		{7D5D92CB-58C9-489C-93D1-46497AC50BA8}.Debug|Any CPU.Build.0 = Debug|Any CPU
		{7D5D92CB-58C9-489C-93D1-46497AC50BA8}.Release|Any CPU.ActiveCfg = Release|Any CPU
		{7D5D92CB-58C9-489C-93D1-46497AC50BA8}.Release|Any CPU.Build.0 = Release|Any CPU
		{A42B3C20-9FF7-4CB7-9E0C-54AC1B1B56B0}.Debug|Any CPU.ActiveCfg = Debug|Any CPU
		{A42B3C20-9FF7-4CB7-9E0C-54AC1B1B56B0}.Debug|Any CPU.Build.0 = Debug|Any CPU
		{A42B3C20-9FF7-4CB7-9E0C-54AC1B1B56B0}.Release|Any CPU.ActiveCfg = Release|Any CPU
		{A42B3C20-9FF7-4CB7-9E0C-54AC1B1B56B0}.Release|Any CPU.Build.0 = Release|Any CPU
		{63219541-D004-4B94-9EA9-A6E7F3E3A761}.Debug|Any CPU.ActiveCfg = Debug|Any CPU
		{63219541-D004-4B94-9EA9-A6E7F3E3A761}.Debug|Any CPU.Build.0 = Debug|Any CPU
		{63219541-D004-4B94-9EA9-A6E7F3E3A761}.Release|Any CPU.ActiveCfg = Release|Any CPU
		{63219541-D004-4B94-9EA9-A6E7F3E3A761}.Release|Any CPU.Build.0 = Release|Any CPU
		{9676565D-BA97-495F-B3D7-05220E4688BA}.Debug|Any CPU.ActiveCfg = Debug|Any CPU
		{9676565D-BA97-495F-B3D7-05220E4688BA}.Debug|Any CPU.Build.0 = Debug|Any CPU
		{9676565D-BA97-495F-B3D7-05220E4688BA}.Release|Any CPU.ActiveCfg = Release|Any CPU
		{9676565D-BA97-495F-B3D7-05220E4688BA}.Release|Any CPU.Build.0 = Release|Any CPU
		{FB1ABF60-D852-4E92-BED8-E5F4922F43A2}.Debug|Any CPU.ActiveCfg = Debug|Any CPU
		{FB1ABF60-D852-4E92-BED8-E5F4922F43A2}.Debug|Any CPU.Build.0 = Debug|Any CPU
		{FB1ABF60-D852-4E92-BED8-E5F4922F43A2}.Release|Any CPU.ActiveCfg = Release|Any CPU
		{FB1ABF60-D852-4E92-BED8-E5F4922F43A2}.Release|Any CPU.Build.0 = Release|Any CPU
		{67E01CCE-73F4-4884-BEC5-69BADFB1021D}.Debug|Any CPU.ActiveCfg = Debug|Any CPU
		{67E01CCE-73F4-4884-BEC5-69BADFB1021D}.Debug|Any CPU.Build.0 = Debug|Any CPU
		{67E01CCE-73F4-4884-BEC5-69BADFB1021D}.Release|Any CPU.ActiveCfg = Release|Any CPU
		{67E01CCE-73F4-4884-BEC5-69BADFB1021D}.Release|Any CPU.Build.0 = Release|Any CPU
		{4BC3354F-8D5F-48EB-8C82-E1ED92DCD8E8}.Debug|Any CPU.ActiveCfg = Debug|Any CPU
		{4BC3354F-8D5F-48EB-8C82-E1ED92DCD8E8}.Debug|Any CPU.Build.0 = Debug|Any CPU
		{4BC3354F-8D5F-48EB-8C82-E1ED92DCD8E8}.Release|Any CPU.ActiveCfg = Release|Any CPU
		{4BC3354F-8D5F-48EB-8C82-E1ED92DCD8E8}.Release|Any CPU.Build.0 = Release|Any CPU
		{29F4CF9A-CCCF-4691-8E07-AF98B2224793}.Debug|Any CPU.ActiveCfg = Debug|Any CPU
		{29F4CF9A-CCCF-4691-8E07-AF98B2224793}.Debug|Any CPU.Build.0 = Debug|Any CPU
		{29F4CF9A-CCCF-4691-8E07-AF98B2224793}.Release|Any CPU.ActiveCfg = Release|Any CPU
		{29F4CF9A-CCCF-4691-8E07-AF98B2224793}.Release|Any CPU.Build.0 = Release|Any CPU
		{52D83EF6-CCC8-41B7-9758-D0DBEF50A11B}.Debug|Any CPU.ActiveCfg = Debug|Any CPU
		{52D83EF6-CCC8-41B7-9758-D0DBEF50A11B}.Debug|Any CPU.Build.0 = Debug|Any CPU
		{52D83EF6-CCC8-41B7-9758-D0DBEF50A11B}.Release|Any CPU.ActiveCfg = Release|Any CPU
		{52D83EF6-CCC8-41B7-9758-D0DBEF50A11B}.Release|Any CPU.Build.0 = Release|Any CPU
		{7670120A-5E3B-4722-A175-DEE31A6764D9}.Debug|Any CPU.ActiveCfg = Debug|Any CPU
		{7670120A-5E3B-4722-A175-DEE31A6764D9}.Debug|Any CPU.Build.0 = Debug|Any CPU
		{7670120A-5E3B-4722-A175-DEE31A6764D9}.Release|Any CPU.ActiveCfg = Release|Any CPU
		{7670120A-5E3B-4722-A175-DEE31A6764D9}.Release|Any CPU.Build.0 = Release|Any CPU
		{304B29E8-828C-458F-B4D6-F92AD6CE84E0}.Debug|Any CPU.ActiveCfg = Debug|Any CPU
		{304B29E8-828C-458F-B4D6-F92AD6CE84E0}.Debug|Any CPU.Build.0 = Debug|Any CPU
		{304B29E8-828C-458F-B4D6-F92AD6CE84E0}.Release|Any CPU.ActiveCfg = Release|Any CPU
		{304B29E8-828C-458F-B4D6-F92AD6CE84E0}.Release|Any CPU.Build.0 = Release|Any CPU
		{40EBBBC0-5D5B-4BED-B3F4-F52399987C39}.Debug|Any CPU.ActiveCfg = Debug|Any CPU
		{40EBBBC0-5D5B-4BED-B3F4-F52399987C39}.Debug|Any CPU.Build.0 = Debug|Any CPU
		{40EBBBC0-5D5B-4BED-B3F4-F52399987C39}.Release|Any CPU.ActiveCfg = Release|Any CPU
		{40EBBBC0-5D5B-4BED-B3F4-F52399987C39}.Release|Any CPU.Build.0 = Release|Any CPU
		{AF397D00-97C0-49C7-9333-4F397E3735BB}.Debug|Any CPU.ActiveCfg = Debug|Any CPU
		{AF397D00-97C0-49C7-9333-4F397E3735BB}.Debug|Any CPU.Build.0 = Debug|Any CPU
		{AF397D00-97C0-49C7-9333-4F397E3735BB}.Release|Any CPU.ActiveCfg = Release|Any CPU
		{AF397D00-97C0-49C7-9333-4F397E3735BB}.Release|Any CPU.Build.0 = Release|Any CPU
		{9F01B2BC-860D-4FD1-A646-7443C892EA0D}.Debug|Any CPU.ActiveCfg = Debug|Any CPU
		{9F01B2BC-860D-4FD1-A646-7443C892EA0D}.Debug|Any CPU.Build.0 = Debug|Any CPU
		{9F01B2BC-860D-4FD1-A646-7443C892EA0D}.Release|Any CPU.ActiveCfg = Release|Any CPU
		{9F01B2BC-860D-4FD1-A646-7443C892EA0D}.Release|Any CPU.Build.0 = Release|Any CPU
	EndGlobalSection
	GlobalSection(SolutionProperties) = preSolution
		HideSolutionNode = FALSE
	EndGlobalSection
	GlobalSection(ExtensibilityGlobals) = postSolution
		SolutionGuid = {D5E954D4-EA44-4F49-B77D-74720E32F09F}
	EndGlobalSection
EndGlobal
