
Microsoft Visual Studio Solution File, Format Version 12.00
# Visual Studio Version 16
VisualStudioVersion = 16.0.32228.343
MinimumVisualStudioVersion = 10.0.40219.1
Project("{9A19103F-16F7-4668-BE54-9A1E7A4F7556}") = "KampIntro", "KampIntro\KampIntro.csproj", "{7D5D92CB-58C9-489C-93D1-46497AC50BA8}"
EndProject
Project("{9A19103F-16F7-4668-BE54-9A1E7A4F7556}") = "Donguler", "Donguler\Donguler.csproj", "{A42B3C20-9FF7-4CB7-9E0C-54AC1B1B56B0}"
EndProject
Project("{9A19103F-16F7-4668-BE54-9A1E7A4F7556}") = "ClassIntro", "ClassIntro\ClassIntro.csproj", "{63219541-D004-4B94-9EA9-A6E7F3E3A761}"
EndProject
Project("{9A19103F-16F7-4668-BE54-9A1E7A4F7556}") = "Metotlar", "Metotlar\Metotlar.csproj", "{9676565D-BA97-495F-B3D7-05220E4688BA}"
EndProject
Project("{9A19103F-16F7-4668-BE54-9A1E7A4F7556}") = "Matematik", "Matematik\Matematik.csproj", "{FB1ABF60-D852-4E92-BED8-E5F4922F43A2}"
EndProject
Project("{FAE04EC0-301F-11D3-BF4B-00C04F79EFBC}") = "DegerVeReferansTipler", "DegerVeReferansTipler\DegerVeReferansTipler.csproj", "{67E01CCE-73F4-4884-BEC5-69BADFB1021D}"
EndProject
Project("{FAE04EC0-301F-11D3-BF4B-00C04F79EFBC}") = "ClassMetotDemo", "ClassMetotDemo\ClassMetotDemo.csproj", "{4BC3354F-8D5F-48EB-8C82-E1ED92DCD8E8}"
EndProject
Global
	GlobalSection(SolutionConfigurationPlatforms) = preSolution
		Debug|Any CPU = Debug|Any CPU
		Release|Any CPU = Release|Any CPU
	EndGlobalSection
	GlobalSection(ProjectConfigurationPlatforms) = postSolution
		{7D5D92CB-58C9-489C-93D1-46497AC50BA8}.Debug|Any CPU.ActiveCfg = Debug|Any CPU
		{7D5D92CB-58C9-489C-93D1-46497AC50BA8}.Debug|Any CPU.Build.0 = Debug|Any CPU
		{7D5D92CB-58C9-489C-93D1-46497AC50BA8}.Release|Any CPU.ActiveCfg = Release|Any CPU
		{7D5D92CB-58C9-489C-93D1-46497AC50BA8}.Release|Any CPU.Build.0 = Release|Any CPU
		{A42B3C20-9FF7-4CB7-9E0C-54AC1B1B56B0}.Debug|Any CPU.ActiveCfg = Debug|Any CPU
		{A42B3C20-9FF7-4CB7-9E0C-54AC1B1B56B0}.Debug|Any CPU.Build.0 = Debug|Any CPU
		{A42B3C20-9FF7-4CB7-9E0C-54AC1B1B56B0}.Release|Any CPU.ActiveCfg = Release|Any CPU
		{A42B3C20-9FF7-4CB7-9E0C-54AC1B1B56B0}.Release|Any CPU.Build.0 = Release|Any CPU
		{63219541-D004-4B94-9EA9-A6E7F3E3A761}.Debug|Any CPU.ActiveCfg = Debug|Any CPU
		{63219541-D004-4B94-9EA9-A6E7F3E3A761}.Debug|Any CPU.Build.0 = Debug|Any CPU
		{63219541-D004-4B94-9EA9-A6E7F3E3A761}.Release|Any CPU.ActiveCfg = Release|Any CPU
		{63219541-D004-4B94-9EA9-A6E7F3E3A761}.Release|Any CPU.Build.0 = Release|Any CPU
		{9676565D-BA97-495F-B3D7-05220E4688BA}.Debug|Any CPU.ActiveCfg = Debug|Any CPU
		{9676565D-BA97-495F-B3D7-05220E4688BA}.Debug|Any CPU.Build.0 = Debug|Any CPU
		{9676565D-BA97-495F-B3D7-05220E4688BA}.Release|Any CPU.ActiveCfg = Release|Any CPU
		{9676565D-BA97-495F-B3D7-05220E4688BA}.Release|Any CPU.Build.0 = Release|Any CPU
		{FB1ABF60-D852-4E92-BED8-E5F4922F43A2}.Debug|Any CPU.ActiveCfg = Debug|Any CPU
		{FB1ABF60-D852-4E92-BED8-E5F4922F43A2}.Debug|Any CPU.Build.0 = Debug|Any CPU
		{FB1ABF60-D852-4E92-BED8-E5F4922F43A2}.Release|Any CPU.ActiveCfg = Release|Any CPU
		{FB1ABF60-D852-4E92-BED8-E5F4922F43A2}.Release|Any CPU.Build.0 = Release|Any CPU
		{67E01CCE-73F4-4884-BEC5-69BADFB1021D}.Debug|Any CPU.ActiveCfg = Debug|Any CPU
		{67E01CCE-73F4-4884-BEC5-69BADFB1021D}.Debug|Any CPU.Build.0 = Debug|Any CPU
		{67E01CCE-73F4-4884-BEC5-69BADFB1021D}.Release|Any CPU.ActiveCfg = Release|Any CPU
		{67E01CCE-73F4-4884-BEC5-69BADFB1021D}.Release|Any CPU.Build.0 = Release|Any CPU
		{4BC3354F-8D5F-48EB-8C82-E1ED92DCD8E8}.Debug|Any CPU.ActiveCfg = Debug|Any CPU
		{4BC3354F-8D5F-48EB-8C82-E1ED92DCD8E8}.Debug|Any CPU.Build.0 = Debug|Any CPU
		{4BC3354F-8D5F-48EB-8C82-E1ED92DCD8E8}.Release|Any CPU.ActiveCfg = Release|Any CPU
		{4BC3354F-8D5F-48EB-8C82-E1ED92DCD8E8}.Release|Any CPU.Build.0 = Release|Any CPU
	EndGlobalSection
	GlobalSection(SolutionProperties) = preSolution
		HideSolutionNode = FALSE
	EndGlobalSection
	GlobalSection(ExtensibilityGlobals) = postSolution
		SolutionGuid = {D5E954D4-EA44-4F49-B77D-74720E32F09F}
	EndGlobalSection
EndGlobal
